<?xml version="1.0" encoding="utf-8"?>
<Project ToolsVersion="4.0" xmlns="http://schemas.microsoft.com/developer/msbuild/2003">
  <ItemGroup>
    <Filter Include="include">
      <UniqueIdentifier>{f4f01180-fcaa-4242-8147-150d3d755524}</UniqueIdentifier>
      <Extensions>h;hpp;hxx;hm;inl</Extensions>
    </Filter>
    <Filter Include="source">
      <UniqueIdentifier>{88f92889-a174-4e05-96a4-f7453d7ad365}</UniqueIdentifier>
      <Extensions>cpp;c;cxx;rc;def;r;odl;idl;hpj;bat</Extensions>
    </Filter>
  </ItemGroup>
  <ItemGroup>
    <ClInclude Include="..\..\include\dox.h">
      <Filter>include</Filter>
    </ClInclude>
    <ClInclude Include="..\..\include\imagine-config.h">
      <Filter>include</Filter>
    </ClInclude>
    <ClInclude Include="..\..\include\ImagineXr.h">
      <Filter>include</Filter>
    </ClInclude>
    <ClInclude Include="..\..\include\NFmiAffine.h">
      <Filter>include</Filter>
    </ClInclude>
    <ClInclude Include="..\..\include\NFmiAlignment.h">
      <Filter>include</Filter>
    </ClInclude>
    <ClInclude Include="..\..\include\NFmiApproximateBezierFit.h">
      <Filter>include</Filter>
    </ClInclude>
    <ClInclude Include="..\..\include\NFmiBezierTools.h">
      <Filter>include</Filter>
    </ClInclude>
    <ClInclude Include="..\..\include\NFmiCardinalBezierFit.h">
      <Filter>include</Filter>
    </ClInclude>
    <ClInclude Include="..\..\include\NFmiColorBlend.h">
      <Filter>include</Filter>
    </ClInclude>
    <ClInclude Include="..\..\include\NFmiColorReduce.h">
      <Filter>include</Filter>
    </ClInclude>
    <ClInclude Include="..\..\include\NFmiColorTools.h">
      <Filter>include</Filter>
    </ClInclude>
    <ClInclude Include="..\..\include\NFmiContourTree.h">
      <Filter>include</Filter>
    </ClInclude>
    <ClInclude Include="..\..\include\NFmiCounter.h">
      <Filter>include</Filter>
    </ClInclude>
    <ClInclude Include="..\..\include\NFmiDataHints.h">
      <Filter>include</Filter>
    </ClInclude>
    <ClInclude Include="..\..\include\NFmiDrawable.h">
      <Filter>include</Filter>
    </ClInclude>
    <ClInclude Include="..\..\include\NFmiEdge.h">
      <Filter>include</Filter>
    </ClInclude>
    <ClInclude Include="..\..\include\NFmiEdgeTree.h">
      <Filter>include</Filter>
    </ClInclude>
    <ClInclude Include="..\..\include\NFmiEsriAttribute.h">
      <Filter>include</Filter>
    </ClInclude>
    <ClInclude Include="..\..\include\NFmiEsriAttributeName.h">
      <Filter>include</Filter>
    </ClInclude>
    <ClInclude Include="..\..\include\NFmiEsriBox.h">
      <Filter>include</Filter>
    </ClInclude>
    <ClInclude Include="..\..\include\NFmiEsriBuffer.h">
      <Filter>include</Filter>
    </ClInclude>
    <ClInclude Include="..\..\include\NFmiEsriElement.h">
      <Filter>include</Filter>
    </ClInclude>
    <ClInclude Include="..\..\include\NFmiEsriMultiPatch.h">
      <Filter>include</Filter>
    </ClInclude>
    <ClInclude Include="..\..\include\NFmiEsriMultiPoint.h">
      <Filter>include</Filter>
    </ClInclude>
    <ClInclude Include="..\..\include\NFmiEsriMultiPointM.h">
      <Filter>include</Filter>
    </ClInclude>
    <ClInclude Include="..\..\include\NFmiEsriMultiPointZ.h">
      <Filter>include</Filter>
    </ClInclude>
    <ClInclude Include="..\..\include\NFmiEsriNull.h">
      <Filter>include</Filter>
    </ClInclude>
    <ClInclude Include="..\..\include\NFmiEsriPoint.h">
      <Filter>include</Filter>
    </ClInclude>
    <ClInclude Include="..\..\include\NFmiEsriPointM.h">
      <Filter>include</Filter>
    </ClInclude>
    <ClInclude Include="..\..\include\NFmiEsriPointZ.h">
      <Filter>include</Filter>
    </ClInclude>
    <ClInclude Include="..\..\include\NFmiEsriPolygon.h">
      <Filter>include</Filter>
    </ClInclude>
    <ClInclude Include="..\..\include\NFmiEsriPolygonM.h">
      <Filter>include</Filter>
    </ClInclude>
    <ClInclude Include="..\..\include\NFmiEsriPolygonZ.h">
      <Filter>include</Filter>
    </ClInclude>
    <ClInclude Include="..\..\include\NFmiEsriPolyLine.h">
      <Filter>include</Filter>
    </ClInclude>
    <ClInclude Include="..\..\include\NFmiEsriPolyLineM.h">
      <Filter>include</Filter>
    </ClInclude>
    <ClInclude Include="..\..\include\NFmiEsriPolyLineZ.h">
      <Filter>include</Filter>
    </ClInclude>
    <ClInclude Include="..\..\include\NFmiEsriProjector.h">
      <Filter>include</Filter>
    </ClInclude>
    <ClInclude Include="..\..\include\NFmiEsriShape.h">
      <Filter>include</Filter>
    </ClInclude>
    <ClInclude Include="..\..\include\NFmiEsriTools.h">
      <Filter>include</Filter>
    </ClInclude>
    <ClInclude Include="..\..\include\NFmiFace.h">
      <Filter>include</Filter>
    </ClInclude>
    <ClInclude Include="..\..\include\NFmiFillMap.h">
      <Filter>include</Filter>
    </ClInclude>
    <ClInclude Include="..\..\include\NFmiFreeType.h">
      <Filter>include</Filter>
    </ClInclude>
    <ClInclude Include="..\..\include\NFmiGeoShape.h">
      <Filter>include</Filter>
    </ClInclude>
    <ClInclude Include="..\..\include\NFmiGshhsTools.h">
      <Filter>include</Filter>
    </ClInclude>
    <ClInclude Include="..\..\include\NFmiImage.h">
      <Filter>include</Filter>
    </ClInclude>
    <ClInclude Include="..\..\include\NFmiImageTools.h">
      <Filter>include</Filter>
    </ClInclude>
    <ClInclude Include="..\..\include\NFmiNearTree.h">
      <Filter>include</Filter>
    </ClInclude>
    <ClInclude Include="..\..\include\NFmiPath.h">
      <Filter>include</Filter>
    </ClInclude>
    <ClInclude Include="..\..\include\NFmiPathElement.h">
      <Filter>include</Filter>
    </ClInclude>
    <ClInclude Include="..\..\include\NFmiSimplifier.h">
      <Filter>include</Filter>
    </ClInclude>
    <ClInclude Include="..\..\include\NFmiTightBezierFit.h">
      <Filter>include</Filter>
    </ClInclude>
  </ItemGroup>
  <ItemGroup>
    <ClCompile Include="..\..\source\ImagineXr.cpp">
      <Filter>source</Filter>
    </ClCompile>
    <ClCompile Include="..\..\source\NFmiAffine.cpp">
      <Filter>source</Filter>
    </ClCompile>
    <ClCompile Include="..\..\source\NFmiAlignment.cpp">
      <Filter>source</Filter>
    </ClCompile>
    <ClCompile Include="..\..\source\NFmiApproximateBezierFit.cpp">
      <Filter>source</Filter>
    </ClCompile>
    <ClCompile Include="..\..\source\NFmiBezierTools.cpp">
      <Filter>source</Filter>
    </ClCompile>
    <ClCompile Include="..\..\source\NFmiCardinalBezierFit.cpp">
      <Filter>source</Filter>
    </ClCompile>
    <ClCompile Include="..\..\source\NFmiColorReduce.cpp">
      <Filter>source</Filter>
    </ClCompile>
    <ClCompile Include="..\..\source\NFmiColorTools.cpp">
      <Filter>source</Filter>
    </ClCompile>
    <ClCompile Include="..\..\source\NFmiContourTree.cpp">
      <Filter>source</Filter>
    </ClCompile>
    <ClCompile Include="..\..\source\NFmiDataHints.cpp">
      <Filter>source</Filter>
    </ClCompile>
    <ClCompile Include="..\..\source\NFmiDrawable.cpp">
      <Filter>source</Filter>
    </ClCompile>
    <ClCompile Include="..\..\source\NFmiEdgeTree.cpp">
      <Filter>source</Filter>
    </ClCompile>
    <ClCompile Include="..\..\source\NFmiEsriBox.cpp">
      <Filter>source</Filter>
    </ClCompile>
    <ClCompile Include="..\..\source\NFmiEsriBuffer.cpp">
      <Filter>source</Filter>
    </ClCompile>
    <ClCompile Include="..\..\source\NFmiEsriElement.cpp">
      <Filter>source</Filter>
    </ClCompile>
    <ClCompile Include="..\..\source\NFmiEsriMultiPatch.cpp">
      <Filter>source</Filter>
    </ClCompile>
    <ClCompile Include="..\..\source\NFmiEsriMultiPoint.cpp">
      <Filter>source</Filter>
    </ClCompile>
    <ClCompile Include="..\..\source\NFmiEsriMultiPointM.cpp">
      <Filter>source</Filter>
    </ClCompile>
    <ClCompile Include="..\..\source\NFmiEsriMultiPointZ.cpp">
      <Filter>source</Filter>
    </ClCompile>
    <ClCompile Include="..\..\source\NFmiEsriPoint.cpp">
      <Filter>source</Filter>
    </ClCompile>
    <ClCompile Include="..\..\source\NFmiEsriPointM.cpp">
      <Filter>source</Filter>
    </ClCompile>
    <ClCompile Include="..\..\source\NFmiEsriPointZ.cpp">
      <Filter>source</Filter>
    </ClCompile>
    <ClCompile Include="..\..\source\NFmiEsriPolygon.cpp">
      <Filter>source</Filter>
    </ClCompile>
    <ClCompile Include="..\..\source\NFmiEsriPolygonM.cpp">
      <Filter>source</Filter>
    </ClCompile>
    <ClCompile Include="..\..\source\NFmiEsriPolygonZ.cpp">
      <Filter>source</Filter>
    </ClCompile>
    <ClCompile Include="..\..\source\NFmiEsriPolyLine.cpp">
      <Filter>source</Filter>
    </ClCompile>
    <ClCompile Include="..\..\source\NFmiEsriPolyLineM.cpp">
      <Filter>source</Filter>
    </ClCompile>
    <ClCompile Include="..\..\source\NFmiEsriPolyLineZ.cpp">
      <Filter>source</Filter>
    </ClCompile>
    <ClCompile Include="..\..\source\NFmiEsriShape.cpp">
      <Filter>source</Filter>
    </ClCompile>
    <ClCompile Include="..\..\source\NFmiEsriTools.cpp">
      <Filter>source</Filter>
    </ClCompile>
    <ClCompile Include="..\..\source\NFmiFace.cpp">
      <Filter>source</Filter>
    </ClCompile>
    <ClCompile Include="..\..\source\NFmiFillMap.cpp">
      <Filter>source</Filter>
    </ClCompile>
    <ClCompile Include="..\..\source\NFmiFreeType.cpp">
      <Filter>source</Filter>
    </ClCompile>
    <ClCompile Include="..\..\source\NFmiGeoShape.cpp">
      <Filter>source</Filter>
    </ClCompile>
    <ClCompile Include="..\..\source\NFmiGshhsTools.cpp">
      <Filter>source</Filter>
    </ClCompile>
    <ClCompile Include="..\..\source\NFmiImage.cpp">
      <Filter>source</Filter>
    </ClCompile>
    <ClCompile Include="..\..\source\NFmiImageGif.cpp">
      <Filter>source</Filter>
    </ClCompile>
    <ClCompile Include="..\..\source\NFmiImageJpeg.cpp">
      <Filter>source</Filter>
    </ClCompile>
    <ClCompile Include="..\..\source\NFmiImagePgm.cpp">
      <Filter>source</Filter>
    </ClCompile>
    <ClCompile Include="..\..\source\NFmiImagePng.cpp">
      <Filter>source</Filter>
    </ClCompile>
    <ClCompile Include="..\..\source\NFmiImagePnm.cpp">
      <Filter>source</Filter>
    </ClCompile>
    <ClCompile Include="..\..\source\NFmiImageTools.cpp">
      <Filter>source</Filter>
    </ClCompile>
    <ClCompile Include="..\..\source\NFmiImageWbmp.cpp">
      <Filter>source</Filter>
    </ClCompile>
    <ClCompile Include="..\..\source\NFmiPath.cpp">
      <Filter>source</Filter>
    </ClCompile>
    <ClCompile Include="..\..\source\NFmiTightBezierFit.cpp">
      <Filter>source</Filter>
    </ClCompile>
  </ItemGroup>
</Project>